
Microsoft Visual Studio Solution File, Format Version 12.00
# Visual Studio 2013
VisualStudioVersion = 12.0.31101.0
MinimumVisualStudioVersion = 10.0.40219.1
Project("{FAE04EC0-301F-11D3-BF4B-00C04F79EFBC}") = "Homework 4.1", "ConsoleApplication1\Homework 4.1.csproj", "{1FD76966-2260-4396-A9E5-9E429973F1ED}"
EndProject
Project("{FAE04EC0-301F-11D3-BF4B-00C04F79EFBC}") = "Homework 4.2", "ConsoleApplication2\Homework 4.2.csproj", "{E80D43B4-CB6E-4EBD-8171-1FE4674AF5E4}"
EndProject
Project("{FAE04EC0-301F-11D3-BF4B-00C04F79EFBC}") = "Homework 4.3", "ConsoleApplication3\Homework 4.3.csproj", "{0DDE2EDC-F669-4338-B764-6560D67302F2}"
EndProject
Global
	GlobalSection(SolutionConfigurationPlatforms) = preSolution
		Debug|Any CPU = Debug|Any CPU
		Release|Any CPU = Release|Any CPU
	EndGlobalSection
	GlobalSection(ProjectConfigurationPlatforms) = postSolution
		{1FD76966-2260-4396-A9E5-9E429973F1ED}.Debug|Any CPU.ActiveCfg = Debug|Any CPU
		{1FD76966-2260-4396-A9E5-9E429973F1ED}.Debug|Any CPU.Build.0 = Debug|Any CPU
		{1FD76966-2260-4396-A9E5-9E429973F1ED}.Release|Any CPU.ActiveCfg = Release|Any CPU
		{1FD76966-2260-4396-A9E5-9E429973F1ED}.Release|Any CPU.Build.0 = Release|Any CPU
		{E80D43B4-CB6E-4EBD-8171-1FE4674AF5E4}.Debug|Any CPU.ActiveCfg = Debug|Any CPU
		{E80D43B4-CB6E-4EBD-8171-1FE4674AF5E4}.Debug|Any CPU.Build.0 = Debug|Any CPU
		{E80D43B4-CB6E-4EBD-8171-1FE4674AF5E4}.Release|Any CPU.ActiveCfg = Release|Any CPU
		{E80D43B4-CB6E-4EBD-8171-1FE4674AF5E4}.Release|Any CPU.Build.0 = Release|Any CPU
		{0DDE2EDC-F669-4338-B764-6560D67302F2}.Debug|Any CPU.ActiveCfg = Debug|Any CPU
		{0DDE2EDC-F669-4338-B764-6560D67302F2}.Debug|Any CPU.Build.0 = Debug|Any CPU
		{0DDE2EDC-F669-4338-B764-6560D67302F2}.Release|Any CPU.ActiveCfg = Release|Any CPU
		{0DDE2EDC-F669-4338-B764-6560D67302F2}.Release|Any CPU.Build.0 = Release|Any CPU
	EndGlobalSection
	GlobalSection(SolutionProperties) = preSolution
		HideSolutionNode = FALSE
	EndGlobalSection
EndGlobal
